// !$*UTF8*$!
{
	archiveVersion = 1;
	classes = {
	};
	objectVersion = 46;
	objects = {

/* Begin PBXBuildFile section */
		28836D8019E77E20003FEC40 /* Foundation.framework in Frameworks */ = {isa = PBXBuildFile; fileRef = 28836D7F19E77E20003FEC40 /* Foundation.framework */; };
		28836D8219E77E20003FEC40 /* CoreGraphics.framework in Frameworks */ = {isa = PBXBuildFile; fileRef = 28836D8119E77E20003FEC40 /* CoreGraphics.framework */; };
		28836D8419E77E20003FEC40 /* UIKit.framework in Frameworks */ = {isa = PBXBuildFile; fileRef = 28836D8319E77E20003FEC40 /* UIKit.framework */; };
		28836D8A19E77E20003FEC40 /* InfoPlist.strings in Resources */ = {isa = PBXBuildFile; fileRef = 28836D8819E77E20003FEC40 /* InfoPlist.strings */; };
		28836D8C19E77E20003FEC40 /* main.m in Sources */ = {isa = PBXBuildFile; fileRef = 28836D8B19E77E20003FEC40 /* main.m */; };
		28836D9019E77E20003FEC40 /* AppDelegate.m in Sources */ = {isa = PBXBuildFile; fileRef = 28836D8F19E77E20003FEC40 /* AppDelegate.m */; };
		28836D9219E77E20003FEC40 /* Images.xcassets in Resources */ = {isa = PBXBuildFile; fileRef = 28836D9119E77E20003FEC40 /* Images.xcassets */; };
		28836D9919E77E20003FEC40 /* XCTest.framework in Frameworks */ = {isa = PBXBuildFile; fileRef = 28836D9819E77E20003FEC40 /* XCTest.framework */; };
		28836D9A19E77E20003FEC40 /* Foundation.framework in Frameworks */ = {isa = PBXBuildFile; fileRef = 28836D7F19E77E20003FEC40 /* Foundation.framework */; };
		28836D9B19E77E20003FEC40 /* UIKit.framework in Frameworks */ = {isa = PBXBuildFile; fileRef = 28836D8319E77E20003FEC40 /* UIKit.framework */; };
		28836DA319E77E20003FEC40 /* InfoPlist.strings in Resources */ = {isa = PBXBuildFile; fileRef = 28836DA119E77E20003FEC40 /* InfoPlist.strings */; };
		28836DA519E77E20003FEC40 /* ToDoListTests.m in Sources */ = {isa = PBXBuildFile; fileRef = 28836DA419E77E20003FEC40 /* ToDoListTests.m */; };
		28836DAF19E77E54003FEC40 /* Main.storyboard in Resources */ = {isa = PBXBuildFile; fileRef = 28836DAE19E77E54003FEC40 /* Main.storyboard */; };
		28836DB219E79870003FEC40 /* AddToDoItemViewController.m in Sources */ = {isa = PBXBuildFile; fileRef = 28836DB119E79870003FEC40 /* AddToDoItemViewController.m */; };
		28836DB519E799A8003FEC40 /* ToDoListTableViewController.m in Sources */ = {isa = PBXBuildFile; fileRef = 28836DB419E799A8003FEC40 /* ToDoListTableViewController.m */; };
/* End PBXBuildFile section */

/* Begin PBXContainerItemProxy section */
		28836D9C19E77E20003FEC40 /* PBXContainerItemProxy */ = {
			isa = PBXContainerItemProxy;
			containerPortal = 28836D7419E77E20003FEC40 /* Project object */;
			proxyType = 1;
			remoteGlobalIDString = 28836D7B19E77E20003FEC40;
			remoteInfo = ToDoList;
		};
/* End PBXContainerItemProxy section */

/* Begin PBXFileReference section */
		28836D7C19E77E20003FEC40 /* ToDoList.app */ = {isa = PBXFileReference; explicitFileType = wrapper.application; includeInIndex = 0; path = ToDoList.app; sourceTree = BUILT_PRODUCTS_DIR; };
		28836D7F19E77E20003FEC40 /* Foundation.framework */ = {isa = PBXFileReference; lastKnownFileType = wrapper.framework; name = Foundation.framework; path = System/Library/Frameworks/Foundation.framework; sourceTree = SDKROOT; };
		28836D8119E77E20003FEC40 /* CoreGraphics.framework */ = {isa = PBXFileReference; lastKnownFileType = wrapper.framework; name = CoreGraphics.framework; path = System/Library/Frameworks/CoreGraphics.framework; sourceTree = SDKROOT; };
		28836D8319E77E20003FEC40 /* UIKit.framework */ = {isa = PBXFileReference; lastKnownFileType = wrapper.framework; name = UIKit.framework; path = System/Library/Frameworks/UIKit.framework; sourceTree = SDKROOT; };
		28836D8719E77E20003FEC40 /* ToDoList-Info.plist */ = {isa = PBXFileReference; lastKnownFileType = text.plist.xml; path = "ToDoList-Info.plist"; sourceTree = "<group>"; };
		28836D8919E77E20003FEC40 /* en */ = {isa = PBXFileReference; lastKnownFileType = text.plist.strings; name = en; path = en.lproj/InfoPlist.strings; sourceTree = "<group>"; };
		28836D8B19E77E20003FEC40 /* main.m */ = {isa = PBXFileReference; lastKnownFileType = sourcecode.c.objc; path = main.m; sourceTree = "<group>"; };
		28836D8D19E77E20003FEC40 /* ToDoList-Prefix.pch */ = {isa = PBXFileReference; lastKnownFileType = sourcecode.c.h; path = "ToDoList-Prefix.pch"; sourceTree = "<group>"; };
		28836D8E19E77E20003FEC40 /* AppDelegate.h */ = {isa = PBXFileReference; lastKnownFileType = sourcecode.c.h; path = AppDelegate.h; sourceTree = "<group>"; };
		28836D8F19E77E20003FEC40 /* AppDelegate.m */ = {isa = PBXFileReference; lastKnownFileType = sourcecode.c.objc; path = AppDelegate.m; sourceTree = "<group>"; };
		28836D9119E77E20003FEC40 /* Images.xcassets */ = {isa = PBXFileReference; lastKnownFileType = folder.assetcatalog; path = Images.xcassets; sourceTree = "<group>"; };
		28836D9719E77E20003FEC40 /* ToDoListTests.xctest */ = {isa = PBXFileReference; explicitFileType = wrapper.cfbundle; includeInIndex = 0; path = ToDoListTests.xctest; sourceTree = BUILT_PRODUCTS_DIR; };
		28836D9819E77E20003FEC40 /* XCTest.framework */ = {isa = PBXFileReference; lastKnownFileType = wrapper.framework; name = XCTest.framework; path = Library/Frameworks/XCTest.framework; sourceTree = DEVELOPER_DIR; };
		28836DA019E77E20003FEC40 /* ToDoListTests-Info.plist */ = {isa = PBXFileReference; lastKnownFileType = text.plist.xml; path = "ToDoListTests-Info.plist"; sourceTree = "<group>"; };
		28836DA219E77E20003FEC40 /* en */ = {isa = PBXFileReference; lastKnownFileType = text.plist.strings; name = en; path = en.lproj/InfoPlist.strings; sourceTree = "<group>"; };
		28836DA419E77E20003FEC40 /* ToDoListTests.m */ = {isa = PBXFileReference; lastKnownFileType = sourcecode.c.objc; path = ToDoListTests.m; sourceTree = "<group>"; };
		28836DAE19E77E54003FEC40 /* Main.storyboard */ = {isa = PBXFileReference; fileEncoding = 4; lastKnownFileType = file.storyboard; path = Main.storyboard; sourceTree = "<group>"; };
		28836DB019E79870003FEC40 /* AddToDoItemViewController.h */ = {isa = PBXFileReference; fileEncoding = 4; lastKnownFileType = sourcecode.c.h; path = AddToDoItemViewController.h; sourceTree = "<group>"; };
		28836DB119E79870003FEC40 /* AddToDoItemViewController.m */ = {isa = PBXFileReference; fileEncoding = 4; lastKnownFileType = sourcecode.c.objc; path = AddToDoItemViewController.m; sourceTree = "<group>"; };
		28836DB319E799A8003FEC40 /* ToDoListTableViewController.h */ = {isa = PBXFileReference; fileEncoding = 4; lastKnownFileType = sourcecode.c.h; path = ToDoListTableViewController.h; sourceTree = "<group>"; };
		28836DB419E799A8003FEC40 /* ToDoListTableViewController.m */ = {isa = PBXFileReference; fileEncoding = 4; lastKnownFileType = sourcecode.c.objc; path = ToDoListTableViewController.m; sourceTree = "<group>"; };
/* End PBXFileReference section */

/* Begin PBXFrameworksBuildPhase section */
		28836D7919E77E20003FEC40 /* Frameworks */ = {
			isa = PBXFrameworksBuildPhase;
			buildActionMask = 2147483647;
			files = (
				28836D8219E77E20003FEC40 /* CoreGraphics.framework in Frameworks */,
				28836D8419E77E20003FEC40 /* UIKit.framework in Frameworks */,
				28836D8019E77E20003FEC40 /* Foundation.framework in Frameworks */,
			);
			runOnlyForDeploymentPostprocessing = 0;
		};
		28836D9419E77E20003FEC40 /* Frameworks */ = {
			isa = PBXFrameworksBuildPhase;
			buildActionMask = 2147483647;
			files = (
				28836D9919E77E20003FEC40 /* XCTest.framework in Frameworks */,
				28836D9B19E77E20003FEC40 /* UIKit.framework in Frameworks */,
				28836D9A19E77E20003FEC40 /* Foundation.framework in Frameworks */,
			);
			runOnlyForDeploymentPostprocessing = 0;
		};
/* End PBXFrameworksBuildPhase section */

/* Begin PBXGroup section */
		28836D7319E77E20003FEC40 = {
			isa = PBXGroup;
			children = (
				28836D8519E77E20003FEC40 /* ToDoList */,
				28836D9E19E77E20003FEC40 /* ToDoListTests */,
				28836D7E19E77E20003FEC40 /* Frameworks */,
				28836D7D19E77E20003FEC40 /* Products */,
			);
			sourceTree = "<group>";
		};
		28836D7D19E77E20003FEC40 /* Products */ = {
			isa = PBXGroup;
			children = (
				28836D7C19E77E20003FEC40 /* ToDoList.app */,
				28836D9719E77E20003FEC40 /* ToDoListTests.xctest */,
			);
			name = Products;
			sourceTree = "<group>";
		};
		28836D7E19E77E20003FEC40 /* Frameworks */ = {
			isa = PBXGroup;
			children = (
				28836D7F19E77E20003FEC40 /* Foundation.framework */,
				28836D8119E77E20003FEC40 /* CoreGraphics.framework */,
				28836D8319E77E20003FEC40 /* UIKit.framework */,
				28836D9819E77E20003FEC40 /* XCTest.framework */,
			);
			name = Frameworks;
			sourceTree = "<group>";
		};
		28836D8519E77E20003FEC40 /* ToDoList */ = {
			isa = PBXGroup;
			children = (
				28836D8E19E77E20003FEC40 /* AppDelegate.h */,
				28836D8F19E77E20003FEC40 /* AppDelegate.m */,
				28836DAE19E77E54003FEC40 /* Main.storyboard */,
				28836DB319E799A8003FEC40 /* ToDoListTableViewController.h */,
				28836DB419E799A8003FEC40 /* ToDoListTableViewController.m */,
				28836DB019E79870003FEC40 /* AddToDoItemViewController.h */,
				28836DB119E79870003FEC40 /* AddToDoItemViewController.m */,
				28836D9119E77E20003FEC40 /* Images.xcassets */,
				28836D8619E77E20003FEC40 /* Supporting Files */,
			);
			path = ToDoList;
			sourceTree = "<group>";
		};
		28836D8619E77E20003FEC40 /* Supporting Files */ = {
			isa = PBXGroup;
			children = (
				28836D8719E77E20003FEC40 /* ToDoList-Info.plist */,
				28836D8819E77E20003FEC40 /* InfoPlist.strings */,
				28836D8B19E77E20003FEC40 /* main.m */,
				28836D8D19E77E20003FEC40 /* ToDoList-Prefix.pch */,
			);
			name = "Supporting Files";
			sourceTree = "<group>";
		};
		28836D9E19E77E20003FEC40 /* ToDoListTests */ = {
			isa = PBXGroup;
			children = (
				28836DA419E77E20003FEC40 /* ToDoListTests.m */,
				28836D9F19E77E20003FEC40 /* Supporting Files */,
			);
			path = ToDoListTests;
			sourceTree = "<group>";
		};
		28836D9F19E77E20003FEC40 /* Supporting Files */ = {
			isa = PBXGroup;
			children = (
				28836DA019E77E20003FEC40 /* ToDoListTests-Info.plist */,
				28836DA119E77E20003FEC40 /* InfoPlist.strings */,
			);
			name = "Supporting Files";
			sourceTree = "<group>";
		};
/* End PBXGroup section */

/* Begin PBXNativeTarget section */
		28836D7B19E77E20003FEC40 /* ToDoList */ = {
			isa = PBXNativeTarget;
			buildConfigurationList = 28836DA819E77E20003FEC40 /* Build configuration list for PBXNativeTarget "ToDoList" */;
			buildPhases = (
				28836D7819E77E20003FEC40 /* Sources */,
				28836D7919E77E20003FEC40 /* Frameworks */,
				28836D7A19E77E20003FEC40 /* Resources */,
			);
			buildRules = (
			);
			dependencies = (
			);
			name = ToDoList;
			productName = ToDoList;
			productReference = 28836D7C19E77E20003FEC40 /* ToDoList.app */;
			productType = "com.apple.product-type.application";
		};
		28836D9619E77E20003FEC40 /* ToDoListTests */ = {
			isa = PBXNativeTarget;
			buildConfigurationList = 28836DAB19E77E20003FEC40 /* Build configuration list for PBXNativeTarget "ToDoListTests" */;
			buildPhases = (
				28836D9319E77E20003FEC40 /* Sources */,
				28836D9419E77E20003FEC40 /* Frameworks */,
				28836D9519E77E20003FEC40 /* Resources */,
			);
			buildRules = (
			);
			dependencies = (
				28836D9D19E77E20003FEC40 /* PBXTargetDependency */,
			);
			name = ToDoListTests;
			productName = ToDoListTests;
			productReference = 28836D9719E77E20003FEC40 /* ToDoListTests.xctest */;
			productType = "com.apple.product-type.bundle.unit-test";
		};
/* End PBXNativeTarget section */

/* Begin PBXProject section */
		28836D7419E77E20003FEC40 /* Project object */ = {
			isa = PBXProject;
			attributes = {
				LastUpgradeCheck = 0510;
				ORGANIZATIONNAME = "Andrew Elgert";
				TargetAttributes = {
					28836D9619E77E20003FEC40 = {
						TestTargetID = 28836D7B19E77E20003FEC40;
					};
				};
			};
			buildConfigurationList = 28836D7719E77E20003FEC40 /* Build configuration list for PBXProject "ToDoList" */;
			compatibilityVersion = "Xcode 3.2";
			developmentRegion = English;
			hasScannedForEncodings = 0;
			knownRegions = (
				en,
			);
			mainGroup = 28836D7319E77E20003FEC40;
			productRefGroup = 28836D7D19E77E20003FEC40 /* Products */;
			projectDirPath = "";
			projectRoot = "";
			targets = (
				28836D7B19E77E20003FEC40 /* ToDoList */,
				28836D9619E77E20003FEC40 /* ToDoListTests */,
			);
		};
/* End PBXProject section */

/* Begin PBXResourcesBuildPhase section */
		28836D7A19E77E20003FEC40 /* Resources */ = {
			isa = PBXResourcesBuildPhase;
			buildActionMask = 2147483647;
			files = (
				28836DAF19E77E54003FEC40 /* Main.storyboard in Resources */,
				28836D8A19E77E20003FEC40 /* InfoPlist.strings in Resources */,
				28836D9219E77E20003FEC40 /* Images.xcassets in Resources */,
			);
			runOnlyForDeploymentPostprocessing = 0;
		};
		28836D9519E77E20003FEC40 /* Resources */ = {
			isa = PBXResourcesBuildPhase;
			buildActionMask = 2147483647;
			files = (
				28836DA319E77E20003FEC40 /* InfoPlist.strings in Resources */,
			);
			runOnlyForDeploymentPostprocessing = 0;
		};
/* End PBXResourcesBuildPhase section */

/* Begin PBXSourcesBuildPhase section */
		28836D7819E77E20003FEC40 /* Sources */ = {
			isa = PBXSourcesBuildPhase;
			buildActionMask = 2147483647;
			files = (
				28836D9019E77E20003FEC40 /* AppDelegate.m in Sources */,
				28836DB519E799A8003FEC40 /* ToDoListTableViewController.m in Sources */,
				28836D8C19E77E20003FEC40 /* main.m in Sources */,
				28836DB219E79870003FEC40 /* AddToDoItemViewController.m in Sources */,
			);
			runOnlyForDeploymentPostprocessing = 0;
		};
		28836D9319E77E20003FEC40 /* Sources */ = {
			isa = PBXSourcesBuildPhase;
			buildActionMask = 2147483647;
			files = (
				28836DA519E77E20003FEC40 /* ToDoListTests.m in Sources */,
			);
			runOnlyForDeploymentPostprocessing = 0;
		};
/* End PBXSourcesBuildPhase section */

/* Begin PBXTargetDependency section */
		28836D9D19E77E20003FEC40 /* PBXTargetDependency */ = {
			isa = PBXTargetDependency;
			target = 28836D7B19E77E20003FEC40 /* ToDoList */;
			targetProxy = 28836D9C19E77E20003FEC40 /* PBXContainerItemProxy */;
		};
/* End PBXTargetDependency section */

/* Begin PBXVariantGroup section */
		28836D8819E77E20003FEC40 /* InfoPlist.strings */ = {
			isa = PBXVariantGroup;
			children = (
				28836D8919E77E20003FEC40 /* en */,
			);
			name = InfoPlist.strings;
			sourceTree = "<group>";
		};
		28836DA119E77E20003FEC40 /* InfoPlist.strings */ = {
			isa = PBXVariantGroup;
			children = (
				28836DA219E77E20003FEC40 /* en */,
			);
			name = InfoPlist.strings;
			sourceTree = "<group>";
		};
/* End PBXVariantGroup section */

/* Begin XCBuildConfiguration section */
		28836DA619E77E20003FEC40 /* Debug */ = {
			isa = XCBuildConfiguration;
			buildSettings = {
				ALWAYS_SEARCH_USER_PATHS = NO;
				CLANG_CXX_LANGUAGE_STANDARD = "gnu++0x";
				CLANG_CXX_LIBRARY = "libc++";
				CLANG_ENABLE_MODULES = YES;
				CLANG_ENABLE_OBJC_ARC = YES;
				CLANG_WARN_BOOL_CONVERSION = YES;
				CLANG_WARN_CONSTANT_CONVERSION = YES;
				CLANG_WARN_DIRECT_OBJC_ISA_USAGE = YES_ERROR;
				CLANG_WARN_EMPTY_BODY = YES;
				CLANG_WARN_ENUM_CONVERSION = YES;
				CLANG_WARN_INT_CONVERSION = YES;
				CLANG_WARN_OBJC_ROOT_CLASS = YES_ERROR;
				CLANG_WARN__DUPLICATE_METHOD_MATCH = YES;
				"CODE_SIGN_IDENTITY[sdk=iphoneos*]" = "iPhone Developer";
				COPY_PHASE_STRIP = NO;
				GCC_C_LANGUAGE_STANDARD = gnu99;
				GCC_DYNAMIC_NO_PIC = NO;
				GCC_OPTIMIZATION_LEVEL = 0;
				GCC_PREPROCESSOR_DEFINITIONS = (
					"DEBUG=1",
					"$(inherited)",
				);
				GCC_SYMBOLS_PRIVATE_EXTERN = NO;
				GCC_WARN_64_TO_32_BIT_CONVERSION = YES;
				GCC_WARN_ABOUT_RETURN_TYPE = YES_ERROR;
				GCC_WARN_UNDECLARED_SELECTOR = YES;
				GCC_WARN_UNINITIALIZED_AUTOS = YES_AGGRESSIVE;
				GCC_WARN_UNUSED_FUNCTION = YES;
				GCC_WARN_UNUSED_VARIABLE = YES;
				IPHONEOS_DEPLOYMENT_TARGET = 7.1;
				ONLY_ACTIVE_ARCH = YES;
				SDKROOT = iphoneos;
			};
			name = Debug;
		};
		28836DA719E77E20003FEC40 /* Release */ = {
			isa = XCBuildConfiguration;
			buildSettings = {
				ALWAYS_SEARCH_USER_PATHS = NO;
				CLANG_CXX_LANGUAGE_STANDARD = "gnu++0x";
				CLANG_CXX_LIBRARY = "libc++";
				CLANG_ENABLE_MODULES = YES;
				CLANG_ENABLE_OBJC_ARC = YES;
				CLANG_WARN_BOOL_CONVERSION = YES;
				CLANG_WARN_CONSTANT_CONVERSION = YES;
				CLANG_WARN_DIRECT_OBJC_ISA_USAGE = YES_ERROR;
				CLANG_WARN_EMPTY_BODY = YES;
				CLANG_WARN_ENUM_CONVERSION = YES;
				CLANG_WARN_INT_CONVERSION = YES;
				CLANG_WARN_OBJC_ROOT_CLASS = YES_ERROR;
				CLANG_WARN__DUPLICATE_METHOD_MATCH = YES;
				"CODE_SIGN_IDENTITY[sdk=iphoneos*]" = "iPhone Developer";
				COPY_PHASE_STRIP = YES;
				ENABLE_NS_ASSERTIONS = NO;
				GCC_C_LANGUAGE_STANDARD = gnu99;
				GCC_WARN_64_TO_32_BIT_CONVERSION = YES;
				GCC_WARN_ABOUT_RETURN_TYPE = YES_ERROR;
				GCC_WARN_UNDECLARED_SELECTOR = YES;
				GCC_WARN_UNINITIALIZED_AUTOS = YES_AGGRESSIVE;
				GCC_WARN_UNUSED_FUNCTION = YES;
				GCC_WARN_UNUSED_VARIABLE = YES;
				IPHONEOS_DEPLOYMENT_TARGET = 7.1;
				SDKROOT = iphoneos;
				VALIDATE_PRODUCT = YES;
			};
			name = Release;
		};
		28836DA919E77E20003FEC40 /* Debug */ = {
			isa = XCBuildConfiguration;
			buildSettings = {
				ASSETCATALOG_COMPILER_APPICON_NAME = AppIcon;
				ASSETCATALOG_COMPILER_LAUNCHIMAGE_NAME = LaunchImage;
				GCC_PRECOMPILE_PREFIX_HEADER = YES;
				GCC_PREFIX_HEADER = "ToDoList/ToDoList-Prefix.pch";
				INFOPLIST_FILE = "ToDoList/ToDoList-Info.plist";
				PRODUCT_NAME = "$(TARGET_NAME)";
				WRAPPER_EXTENSION = app;
			};
			name = Debug;
		};
		28836DAA19E77E20003FEC40 /* Release */ = {
			isa = XCBuildConfiguration;
			buildSettings = {
				ASSETCATALOG_COMPILER_APPICON_NAME = AppIcon;
				ASSETCATALOG_COMPILER_LAUNCHIMAGE_NAME = LaunchImage;
				GCC_PRECOMPILE_PREFIX_HEADER = YES;
				GCC_PREFIX_HEADER = "ToDoList/ToDoList-Prefix.pch";
				INFOPLIST_FILE = "ToDoList/ToDoList-Info.plist";
				PRODUCT_NAME = "$(TARGET_NAME)";
				WRAPPER_EXTENSION = app;
			};
			name = Release;
		};
		28836DAC19E77E20003FEC40 /* Debug */ = {
			isa = XCBuildConfiguration;
			buildSettings = {
				BUNDLE_LOADER = "$(BUILT_PRODUCTS_DIR)/ToDoList.app/ToDoList";
				FRAMEWORK_SEARCH_PATHS = (
					"$(SDKROOT)/Developer/Library/Frameworks",
					"$(inherited)",
					"$(DEVELOPER_FRAMEWORKS_DIR)",
				);
				GCC_PRECOMPILE_PREFIX_HEADER = YES;
				GCC_PREFIX_HEADER = "ToDoList/ToDoList-Prefix.pch";
				GCC_PREPROCESSOR_DEFINITIONS = (
					"DEBUG=1",
					"$(inherited)",
				);
				INFOPLIST_FILE = "ToDoListTests/ToDoListTests-Info.plist";
				PRODUCT_NAME = "$(TARGET_NAME)";
				TEST_HOST = "$(BUNDLE_LOADER)";
				WRAPPER_EXTENSION = xctest;
			};
			name = Debug;
		};
		28836DAD19E77E20003FEC40 /* Release */ = {
			isa = XCBuildConfiguration;
			buildSettings = {
				BUNDLE_LOADER = "$(BUILT_PRODUCTS_DIR)/ToDoList.app/ToDoList";
				FRAMEWORK_SEARCH_PATHS = (
					"$(SDKROOT)/Developer/Library/Frameworks",
					"$(inherited)",
					"$(DEVELOPER_FRAMEWORKS_DIR)",
				);
				GCC_PRECOMPILE_PREFIX_HEADER = YES;
				GCC_PREFIX_HEADER = "ToDoList/ToDoList-Prefix.pch";
				INFOPLIST_FILE = "ToDoListTests/ToDoListTests-Info.plist";
				PRODUCT_NAME = "$(TARGET_NAME)";
				TEST_HOST = "$(BUNDLE_LOADER)";
				WRAPPER_EXTENSION = xctest;
			};
			name = Release;
		};
/* End XCBuildConfiguration section */

/* Begin XCConfigurationList section */
		28836D7719E77E20003FEC40 /* Build configuration list for PBXProject "ToDoList" */ = {
			isa = XCConfigurationList;
			buildConfigurations = (
				28836DA619E77E20003FEC40 /* Debug */,
				28836DA719E77E20003FEC40 /* Release */,
			);
			defaultConfigurationIsVisible = 0;
			defaultConfigurationName = Release;
		};
		28836DA819E77E20003FEC40 /* Build configuration list for PBXNativeTarget "ToDoList" */ = {
			isa = XCConfigurationList;
			buildConfigurations = (
				28836DA919E77E20003FEC40 /* Debug */,
				28836DAA19E77E20003FEC40 /* Release */,
			);
			defaultConfigurationIsVisible = 0;
		};
		28836DAB19E77E20003FEC40 /* Build configuration list for PBXNativeTarget "ToDoListTests" */ = {
			isa = XCConfigurationList;
			buildConfigurations = (
				28836DAC19E77E20003FEC40 /* Debug */,
				28836DAD19E77E20003FEC40 /* Release */,
			);
			defaultConfigurationIsVisible = 0;
		};
/* End XCConfigurationList section */
	};
	rootObject = 28836D7419E77E20003FEC40 /* Project object */;
}
